
Microsoft Visual Studio Solution File, Format Version 12.00
# Visual Studio Version 17
VisualStudioVersion = 17.6.33829.357
MinimumVisualStudioVersion = 10.0.40219.1
Project("{FAE04EC0-301F-11D3-BF4B-00C04F79EFBC}") = "HueCtrl", "HueCtrl\HueCtrl.csproj", "{2C315FC9-DD3E-4DBC-BED9-4CE432B9D732}"
EndProject
Global
	GlobalSection(SolutionConfigurationPlatforms) = preSolution
		Debug|Any CPU = Debug|Any CPU
		Release|Any CPU = Release|Any CPU
	EndGlobalSection
	GlobalSection(ProjectConfigurationPlatforms) = postSolution
		{2C315FC9-DD3E-4DBC-BED9-4CE432B9D732}.Debug|Any CPU.ActiveCfg = Debug|Any CPU
		{2C315FC9-DD3E-4DBC-BED9-4CE432B9D732}.Debug|Any CPU.Build.0 = Debug|Any CPU
		{2C315FC9-DD3E-4DBC-BED9-4CE432B9D732}.Release|Any CPU.ActiveCfg = Release|Any CPU
		{2C315FC9-DD3E-4DBC-BED9-4CE432B9D732}.Release|Any CPU.Build.0 = Release|Any CPU
	EndGlobalSection
	GlobalSection(SolutionProperties) = preSolution
		HideSolutionNode = FALSE
	EndGlobalSection
	GlobalSection(ExtensibilityGlobals) = postSolution
		SolutionGuid = {F52F789F-0513-4F0A-9C88-C9CBC2EF5104}
	EndGlobalSection
EndGlobal
